
Microsoft Visual Studio Solution File, Format Version 12.00
# Visual Studio 15
VisualStudioVersion = 15.0.28307.271
MinimumVisualStudioVersion = 10.0.40219.1
Project("{888888A0-9F3D-457C-B088-3A5042F75D52}") = "make_data", "make_data\make_data.pyproj", "{C56470EB-709E-499A-B16B-A83835D9B8F0}"
EndProject
Global
	GlobalSection(SolutionConfigurationPlatforms) = preSolution
		Debug|Any CPU = Debug|Any CPU
		Release|Any CPU = Release|Any CPU
	EndGlobalSection
	GlobalSection(ProjectConfigurationPlatforms) = postSolution
		{C56470EB-709E-499A-B16B-A83835D9B8F0}.Debug|Any CPU.ActiveCfg = Debug|Any CPU
		{C56470EB-709E-499A-B16B-A83835D9B8F0}.Release|Any CPU.ActiveCfg = Release|Any CPU
	EndGlobalSection
	GlobalSection(SolutionProperties) = preSolution
		HideSolutionNode = FALSE
	EndGlobalSection
	GlobalSection(ExtensibilityGlobals) = postSolution
		SolutionGuid = {FD21D355-139C-439F-9F3A-49B8FB7BF729}
	EndGlobalSection
EndGlobal
